
Microsoft Visual Studio Solution File, Format Version 12.00
# Visual Studio Version 17
VisualStudioVersion = 17.9.34616.47
MinimumVisualStudioVersion = 10.0.40219.1
Project("{9A19103F-16F7-4668-BE54-9A1E7A4F7556}") = "CaroMVVM", "CaroMVVM\CaroMVVM.csproj", "{AE8D6A20-1D2F-46F3-BE8B-6E52746511A2}"
EndProject
Project("{54435603-DBB4-11D2-8724-00A0C9A8B90C}") = "CaroSetup", "CaroSetup\CaroSetup.vdproj", "{5A9BF00F-1DFB-4D29-B8D3-55841C506143}"
EndProject
Global
	GlobalSection(SolutionConfigurationPlatforms) = preSolution
		Debug|Any CPU = Debug|Any CPU
		Release|Any CPU = Release|Any CPU
	EndGlobalSection
	GlobalSection(ProjectConfigurationPlatforms) = postSolution
		{AE8D6A20-1D2F-46F3-BE8B-6E52746511A2}.Debug|Any CPU.ActiveCfg = Debug|Any CPU
		{AE8D6A20-1D2F-46F3-BE8B-6E52746511A2}.Debug|Any CPU.Build.0 = Debug|Any CPU
		{AE8D6A20-1D2F-46F3-BE8B-6E52746511A2}.Release|Any CPU.ActiveCfg = Release|Any CPU
		{AE8D6A20-1D2F-46F3-BE8B-6E52746511A2}.Release|Any CPU.Build.0 = Release|Any CPU
		{5A9BF00F-1DFB-4D29-B8D3-55841C506143}.Debug|Any CPU.ActiveCfg = Debug
		{5A9BF00F-1DFB-4D29-B8D3-55841C506143}.Release|Any CPU.ActiveCfg = Release
	EndGlobalSection
	GlobalSection(SolutionProperties) = preSolution
		HideSolutionNode = FALSE
	EndGlobalSection
	GlobalSection(ExtensibilityGlobals) = postSolution
		SolutionGuid = {A0D35229-1475-4295-968F-001536D720F0}
	EndGlobalSection
EndGlobal
